
Microsoft Visual Studio Solution File, Format Version 12.00
# Visual Studio Version 16
VisualStudioVersion = 16.0.29411.108
MinimumVisualStudioVersion = 10.0.40219.1
Project("{FAE04EC0-301F-11D3-BF4B-00C04F79EFBC}") = "Daedalic.ProductDatabase", "Daedalic.ProductDatabase\Daedalic.ProductDatabase.csproj", "{ABC58508-C7D3-4E68-9110-F6D95FC1F096}"
EndProject
Global
	GlobalSection(SolutionConfigurationPlatforms) = preSolution
		Debug|Any CPU = Debug|Any CPU
		Release|Any CPU = Release|Any CPU
	EndGlobalSection
	GlobalSection(ProjectConfigurationPlatforms) = postSolution
		{ABC58508-C7D3-4E68-9110-F6D95FC1F096}.Debug|Any CPU.ActiveCfg = Debug|Any CPU
		{ABC58508-C7D3-4E68-9110-F6D95FC1F096}.Debug|Any CPU.Build.0 = Debug|Any CPU
		{ABC58508-C7D3-4E68-9110-F6D95FC1F096}.Release|Any CPU.ActiveCfg = Release|Any CPU
		{ABC58508-C7D3-4E68-9110-F6D95FC1F096}.Release|Any CPU.Build.0 = Release|Any CPU
	EndGlobalSection
	GlobalSection(SolutionProperties) = preSolution
		HideSolutionNode = FALSE
	EndGlobalSection
	GlobalSection(ExtensibilityGlobals) = postSolution
		SolutionGuid = {8D15D4BB-1802-41CF-9577-FC2CE3F2184A}
	EndGlobalSection
EndGlobal
